// !$*UTF8*$!
{
	archiveVersion = 1;
	classes = {
	};
	objectVersion = 56;
	objects = {

/* Begin PBXBuildFile section */
		DAC9DE6D2B072C5A00C7A5BC /* AppDelegate.swift in Sources */ = {isa = PBXBuildFile; fileRef = DAC9DE6C2B072C5A00C7A5BC /* AppDelegate.swift */; };
		DAC9DE6F2B072C5A00C7A5BC /* SceneDelegate.swift in Sources */ = {isa = PBXBuildFile; fileRef = DAC9DE6E2B072C5A00C7A5BC /* SceneDelegate.swift */; };
		DAC9DE712B072C5A00C7A5BC /* ViewController.swift in Sources */ = {isa = PBXBuildFile; fileRef = DAC9DE702B072C5A00C7A5BC /* ViewController.swift */; };
		DAC9DE742B072C5A00C7A5BC /* Main.storyboard in Resources */ = {isa = PBXBuildFile; fileRef = DAC9DE722B072C5A00C7A5BC /* Main.storyboard */; };
		DAC9DE762B072C5C00C7A5BC /* Assets.xcassets in Resources */ = {isa = PBXBuildFile; fileRef = DAC9DE752B072C5C00C7A5BC /* Assets.xcassets */; };
		DAC9DE792B072C5C00C7A5BC /* LaunchScreen.storyboard in Resources */ = {isa = PBXBuildFile; fileRef = DAC9DE772B072C5C00C7A5BC /* LaunchScreen.storyboard */; };
		DAC9DE842B072C5C00C7A5BC /* HW6Tests.swift in Sources */ = {isa = PBXBuildFile; fileRef = DAC9DE832B072C5C00C7A5BC /* HW6Tests.swift */; };
		DAC9DE8E2B072C5C00C7A5BC /* HW6UITests.swift in Sources */ = {isa = PBXBuildFile; fileRef = DAC9DE8D2B072C5C00C7A5BC /* HW6UITests.swift */; };
		DAC9DE902B072C5C00C7A5BC /* HW6UITestsLaunchTests.swift in Sources */ = {isa = PBXBuildFile; fileRef = DAC9DE8F2B072C5C00C7A5BC /* HW6UITestsLaunchTests.swift */; };
		DAC9DE9E2B072DA600C7A5BC /* ColorSystem.swift in Sources */ = {isa = PBXBuildFile; fileRef = DAC9DE9D2B072DA600C7A5BC /* ColorSystem.swift */; };
		DAC9DEA02B072DB500C7A5BC /* ComponentSystem.swift in Sources */ = {isa = PBXBuildFile; fileRef = DAC9DE9F2B072DB500C7A5BC /* ComponentSystem.swift */; };
		DAC9DEA22B072DC000C7A5BC /* FontSystem.swift in Sources */ = {isa = PBXBuildFile; fileRef = DAC9DEA12B072DC000C7A5BC /* FontSystem.swift */; };
/* End PBXBuildFile section */

/* Begin PBXContainerItemProxy section */
		DAC9DE802B072C5C00C7A5BC /* PBXContainerItemProxy */ = {
			isa = PBXContainerItemProxy;
			containerPortal = DAC9DE612B072C5A00C7A5BC /* Project object */;
			proxyType = 1;
			remoteGlobalIDString = DAC9DE682B072C5A00C7A5BC;
			remoteInfo = HW6;
		};
		DAC9DE8A2B072C5C00C7A5BC /* PBXContainerItemProxy */ = {
			isa = PBXContainerItemProxy;
			containerPortal = DAC9DE612B072C5A00C7A5BC /* Project object */;
			proxyType = 1;
			remoteGlobalIDString = DAC9DE682B072C5A00C7A5BC;
			remoteInfo = HW6;
		};
/* End PBXContainerItemProxy section */

/* Begin PBXFileReference section */
		DAC9DE692B072C5A00C7A5BC /* HW6.app */ = {isa = PBXFileReference; explicitFileType = wrapper.application; includeInIndex = 0; path = HW6.app; sourceTree = BUILT_PRODUCTS_DIR; };
		DAC9DE6C2B072C5A00C7A5BC /* AppDelegate.swift */ = {isa = PBXFileReference; lastKnownFileType = sourcecode.swift; path = AppDelegate.swift; sourceTree = "<group>"; };
		DAC9DE6E2B072C5A00C7A5BC /* SceneDelegate.swift */ = {isa = PBXFileReference; lastKnownFileType = sourcecode.swift; path = SceneDelegate.swift; sourceTree = "<group>"; };
		DAC9DE702B072C5A00C7A5BC /* ViewController.swift */ = {isa = PBXFileReference; lastKnownFileType = sourcecode.swift; path = ViewController.swift; sourceTree = "<group>"; };
		DAC9DE732B072C5A00C7A5BC /* Base */ = {isa = PBXFileReference; lastKnownFileType = file.storyboard; name = Base; path = Base.lproj/Main.storyboard; sourceTree = "<group>"; };
		DAC9DE752B072C5C00C7A5BC /* Assets.xcassets */ = {isa = PBXFileReference; lastKnownFileType = folder.assetcatalog; path = Assets.xcassets; sourceTree = "<group>"; };
		DAC9DE782B072C5C00C7A5BC /* Base */ = {isa = PBXFileReference; lastKnownFileType = file.storyboard; name = Base; path = Base.lproj/LaunchScreen.storyboard; sourceTree = "<group>"; };
		DAC9DE7A2B072C5C00C7A5BC /* Info.plist */ = {isa = PBXFileReference; lastKnownFileType = text.plist.xml; path = Info.plist; sourceTree = "<group>"; };
		DAC9DE7F2B072C5C00C7A5BC /* HW6Tests.xctest */ = {isa = PBXFileReference; explicitFileType = wrapper.cfbundle; includeInIndex = 0; path = HW6Tests.xctest; sourceTree = BUILT_PRODUCTS_DIR; };
		DAC9DE832B072C5C00C7A5BC /* HW6Tests.swift */ = {isa = PBXFileReference; lastKnownFileType = sourcecode.swift; path = HW6Tests.swift; sourceTree = "<group>"; };
		DAC9DE892B072C5C00C7A5BC /* HW6UITests.xctest */ = {isa = PBXFileReference; explicitFileType = wrapper.cfbundle; includeInIndex = 0; path = HW6UITests.xctest; sourceTree = BUILT_PRODUCTS_DIR; };
		DAC9DE8D2B072C5C00C7A5BC /* HW6UITests.swift */ = {isa = PBXFileReference; lastKnownFileType = sourcecode.swift; path = HW6UITests.swift; sourceTree = "<group>"; };
		DAC9DE8F2B072C5C00C7A5BC /* HW6UITestsLaunchTests.swift */ = {isa = PBXFileReference; lastKnownFileType = sourcecode.swift; path = HW6UITestsLaunchTests.swift; sourceTree = "<group>"; };
		DAC9DE9D2B072DA600C7A5BC /* ColorSystem.swift */ = {isa = PBXFileReference; lastKnownFileType = sourcecode.swift; path = ColorSystem.swift; sourceTree = "<group>"; };
		DAC9DE9F2B072DB500C7A5BC /* ComponentSystem.swift */ = {isa = PBXFileReference; lastKnownFileType = sourcecode.swift; path = ComponentSystem.swift; sourceTree = "<group>"; };
		DAC9DEA12B072DC000C7A5BC /* FontSystem.swift */ = {isa = PBXFileReference; lastKnownFileType = sourcecode.swift; path = FontSystem.swift; sourceTree = "<group>"; };
		DAC9DEA42B072E0F00C7A5BC /* NanumGothicCoding-Regular.ttf */ = {isa = PBXFileReference; lastKnownFileType = file; name = "NanumGothicCoding-Regular.ttf"; path = "../../../../../../../Downloads/Nanum_Gothic_Coding/NanumGothicCoding-Regular.ttf"; sourceTree = "<group>"; };
		DAC9DEA52B072E0F00C7A5BC /* NanumGothicCoding-Bold.ttf */ = {isa = PBXFileReference; lastKnownFileType = file; name = "NanumGothicCoding-Bold.ttf"; path = "../../../../../../../Downloads/Nanum_Gothic_Coding/NanumGothicCoding-Bold.ttf"; sourceTree = "<group>"; };
/* End PBXFileReference section */

/* Begin PBXFrameworksBuildPhase section */
		DAC9DE662B072C5A00C7A5BC /* Frameworks */ = {
			isa = PBXFrameworksBuildPhase;
			buildActionMask = 2147483647;
			files = (
			);
			runOnlyForDeploymentPostprocessing = 0;
		};
		DAC9DE7C2B072C5C00C7A5BC /* Frameworks */ = {
			isa = PBXFrameworksBuildPhase;
			buildActionMask = 2147483647;
			files = (
			);
			runOnlyForDeploymentPostprocessing = 0;
		};
		DAC9DE862B072C5C00C7A5BC /* Frameworks */ = {
			isa = PBXFrameworksBuildPhase;
			buildActionMask = 2147483647;
			files = (
			);
			runOnlyForDeploymentPostprocessing = 0;
		};
/* End PBXFrameworksBuildPhase section */

/* Begin PBXGroup section */
		DAC9DE602B072C5A00C7A5BC = {
			isa = PBXGroup;
			children = (
				DAC9DE6B2B072C5A00C7A5BC /* HW6 */,
				DAC9DE822B072C5C00C7A5BC /* HW6Tests */,
				DAC9DE8C2B072C5C00C7A5BC /* HW6UITests */,
				DAC9DE6A2B072C5A00C7A5BC /* Products */,
			);
			sourceTree = "<group>";
		};
		DAC9DE6A2B072C5A00C7A5BC /* Products */ = {
			isa = PBXGroup;
			children = (
				DAC9DE692B072C5A00C7A5BC /* HW6.app */,
				DAC9DE7F2B072C5C00C7A5BC /* HW6Tests.xctest */,
				DAC9DE892B072C5C00C7A5BC /* HW6UITests.xctest */,
			);
			name = Products;
			sourceTree = "<group>";
		};
		DAC9DE6B2B072C5A00C7A5BC /* HW6 */ = {
			isa = PBXGroup;
			children = (
				DAC9DE9C2B072D8E00C7A5BC /* DesignSystem */,
				DAC9DE6C2B072C5A00C7A5BC /* AppDelegate.swift */,
				DAC9DE6E2B072C5A00C7A5BC /* SceneDelegate.swift */,
				DAC9DE702B072C5A00C7A5BC /* ViewController.swift */,
				DAC9DE722B072C5A00C7A5BC /* Main.storyboard */,
				DAC9DE752B072C5C00C7A5BC /* Assets.xcassets */,
				DAC9DE772B072C5C00C7A5BC /* LaunchScreen.storyboard */,
				DAC9DE7A2B072C5C00C7A5BC /* Info.plist */,
			);
			path = HW6;
			sourceTree = "<group>";
		};
		DAC9DE822B072C5C00C7A5BC /* HW6Tests */ = {
			isa = PBXGroup;
			children = (
				DAC9DE832B072C5C00C7A5BC /* HW6Tests.swift */,
			);
			path = HW6Tests;
			sourceTree = "<group>";
		};
		DAC9DE8C2B072C5C00C7A5BC /* HW6UITests */ = {
			isa = PBXGroup;
			children = (
				DAC9DE8D2B072C5C00C7A5BC /* HW6UITests.swift */,
				DAC9DE8F2B072C5C00C7A5BC /* HW6UITestsLaunchTests.swift */,
			);
			path = HW6UITests;
			sourceTree = "<group>";
		};
		DAC9DE9C2B072D8E00C7A5BC /* DesignSystem */ = {
			isa = PBXGroup;
			children = (
				DAC9DEA32B072DC600C7A5BC /* Fonts */,
				DAC9DE9D2B072DA600C7A5BC /* ColorSystem.swift */,
				DAC9DE9F2B072DB500C7A5BC /* ComponentSystem.swift */,
				DAC9DEA12B072DC000C7A5BC /* FontSystem.swift */,
			);
			path = DesignSystem;
			sourceTree = "<group>";
		};
		DAC9DEA32B072DC600C7A5BC /* Fonts */ = {
			isa = PBXGroup;
			children = (
				DAC9DEA52B072E0F00C7A5BC /* NanumGothicCoding-Bold.ttf */,
				DAC9DEA42B072E0F00C7A5BC /* NanumGothicCoding-Regular.ttf */,
			);
			path = Fonts;
			sourceTree = "<group>";
		};
/* End PBXGroup section */

/* Begin PBXNativeTarget section */
		DAC9DE682B072C5A00C7A5BC /* HW6 */ = {
			isa = PBXNativeTarget;
			buildConfigurationList = DAC9DE932B072C5C00C7A5BC /* Build configuration list for PBXNativeTarget "HW6" */;
			buildPhases = (
				DAC9DE652B072C5A00C7A5BC /* Sources */,
				DAC9DE662B072C5A00C7A5BC /* Frameworks */,
				DAC9DE672B072C5A00C7A5BC /* Resources */,
			);
			buildRules = (
			);
			dependencies = (
			);
			name = HW6;
			productName = HW6;
			productReference = DAC9DE692B072C5A00C7A5BC /* HW6.app */;
			productType = "com.apple.product-type.application";
		};
		DAC9DE7E2B072C5C00C7A5BC /* HW6Tests */ = {
			isa = PBXNativeTarget;
			buildConfigurationList = DAC9DE962B072C5C00C7A5BC /* Build configuration list for PBXNativeTarget "HW6Tests" */;
			buildPhases = (
				DAC9DE7B2B072C5C00C7A5BC /* Sources */,
				DAC9DE7C2B072C5C00C7A5BC /* Frameworks */,
				DAC9DE7D2B072C5C00C7A5BC /* Resources */,
			);
			buildRules = (
			);
			dependencies = (
				DAC9DE812B072C5C00C7A5BC /* PBXTargetDependency */,
			);
			name = HW6Tests;
			productName = HW6Tests;
			productReference = DAC9DE7F2B072C5C00C7A5BC /* HW6Tests.xctest */;
			productType = "com.apple.product-type.bundle.unit-test";
		};
		DAC9DE882B072C5C00C7A5BC /* HW6UITests */ = {
			isa = PBXNativeTarget;
			buildConfigurationList = DAC9DE992B072C5C00C7A5BC /* Build configuration list for PBXNativeTarget "HW6UITests" */;
			buildPhases = (
				DAC9DE852B072C5C00C7A5BC /* Sources */,
				DAC9DE862B072C5C00C7A5BC /* Frameworks */,
				DAC9DE872B072C5C00C7A5BC /* Resources */,
			);
			buildRules = (
			);
			dependencies = (
				DAC9DE8B2B072C5C00C7A5BC /* PBXTargetDependency */,
			);
			name = HW6UITests;
			productName = HW6UITests;
			productReference = DAC9DE892B072C5C00C7A5BC /* HW6UITests.xctest */;
			productType = "com.apple.product-type.bundle.ui-testing";
		};
/* End PBXNativeTarget section */

/* Begin PBXProject section */
		DAC9DE612B072C5A00C7A5BC /* Project object */ = {
			isa = PBXProject;
			attributes = {
				BuildIndependentTargetsInParallel = 1;
				LastSwiftUpdateCheck = 1430;
				LastUpgradeCheck = 1430;
				TargetAttributes = {
					DAC9DE682B072C5A00C7A5BC = {
						CreatedOnToolsVersion = 14.3.1;
					};
					DAC9DE7E2B072C5C00C7A5BC = {
						CreatedOnToolsVersion = 14.3.1;
						TestTargetID = DAC9DE682B072C5A00C7A5BC;
					};
					DAC9DE882B072C5C00C7A5BC = {
						CreatedOnToolsVersion = 14.3.1;
						TestTargetID = DAC9DE682B072C5A00C7A5BC;
					};
				};
			};
			buildConfigurationList = DAC9DE642B072C5A00C7A5BC /* Build configuration list for PBXProject "HW6" */;
			compatibilityVersion = "Xcode 14.0";
			developmentRegion = en;
			hasScannedForEncodings = 0;
			knownRegions = (
				en,
				Base,
			);
			mainGroup = DAC9DE602B072C5A00C7A5BC;
			productRefGroup = DAC9DE6A2B072C5A00C7A5BC /* Products */;
			projectDirPath = "";
			projectRoot = "";
			targets = (
				DAC9DE682B072C5A00C7A5BC /* HW6 */,
				DAC9DE7E2B072C5C00C7A5BC /* HW6Tests */,
				DAC9DE882B072C5C00C7A5BC /* HW6UITests */,
			);
		};
/* End PBXProject section */

/* Begin PBXResourcesBuildPhase section */
		DAC9DE672B072C5A00C7A5BC /* Resources */ = {
			isa = PBXResourcesBuildPhase;
			buildActionMask = 2147483647;
			files = (
				DAC9DE792B072C5C00C7A5BC /* LaunchScreen.storyboard in Resources */,
				DAC9DE762B072C5C00C7A5BC /* Assets.xcassets in Resources */,
				DAC9DE742B072C5A00C7A5BC /* Main.storyboard in Resources */,
			);
			runOnlyForDeploymentPostprocessing = 0;
		};
		DAC9DE7D2B072C5C00C7A5BC /* Resources */ = {
			isa = PBXResourcesBuildPhase;
			buildActionMask = 2147483647;
			files = (
			);
			runOnlyForDeploymentPostprocessing = 0;
		};
		DAC9DE872B072C5C00C7A5BC /* Resources */ = {
			isa = PBXResourcesBuildPhase;
			buildActionMask = 2147483647;
			files = (
			);
			runOnlyForDeploymentPostprocessing = 0;
		};
/* End PBXResourcesBuildPhase section */

/* Begin PBXSourcesBuildPhase section */
		DAC9DE652B072C5A00C7A5BC /* Sources */ = {
			isa = PBXSourcesBuildPhase;
			buildActionMask = 2147483647;
			files = (
				DAC9DE9E2B072DA600C7A5BC /* ColorSystem.swift in Sources */,
				DAC9DE712B072C5A00C7A5BC /* ViewController.swift in Sources */,
				DAC9DE6D2B072C5A00C7A5BC /* AppDelegate.swift in Sources */,
				DAC9DE6F2B072C5A00C7A5BC /* SceneDelegate.swift in Sources */,
				DAC9DEA02B072DB500C7A5BC /* ComponentSystem.swift in Sources */,
				DAC9DEA22B072DC000C7A5BC /* FontSystem.swift in Sources */,
			);
			runOnlyForDeploymentPostprocessing = 0;
		};
		DAC9DE7B2B072C5C00C7A5BC /* Sources */ = {
			isa = PBXSourcesBuildPhase;
			buildActionMask = 2147483647;
			files = (
				DAC9DE842B072C5C00C7A5BC /* HW6Tests.swift in Sources */,
			);
			runOnlyForDeploymentPostprocessing = 0;
		};
		DAC9DE852B072C5C00C7A5BC /* Sources */ = {
			isa = PBXSourcesBuildPhase;
			buildActionMask = 2147483647;
			files = (
				DAC9DE902B072C5C00C7A5BC /* HW6UITestsLaunchTests.swift in Sources */,
				DAC9DE8E2B072C5C00C7A5BC /* HW6UITests.swift in Sources */,
			);
			runOnlyForDeploymentPostprocessing = 0;
		};
/* End PBXSourcesBuildPhase section */

/* Begin PBXTargetDependency section */
		DAC9DE812B072C5C00C7A5BC /* PBXTargetDependency */ = {
			isa = PBXTargetDependency;
			target = DAC9DE682B072C5A00C7A5BC /* HW6 */;
			targetProxy = DAC9DE802B072C5C00C7A5BC /* PBXContainerItemProxy */;
		};
		DAC9DE8B2B072C5C00C7A5BC /* PBXTargetDependency */ = {
			isa = PBXTargetDependency;
			target = DAC9DE682B072C5A00C7A5BC /* HW6 */;
			targetProxy = DAC9DE8A2B072C5C00C7A5BC /* PBXContainerItemProxy */;
		};
/* End PBXTargetDependency section */

/* Begin PBXVariantGroup section */
		DAC9DE722B072C5A00C7A5BC /* Main.storyboard */ = {
			isa = PBXVariantGroup;
			children = (
				DAC9DE732B072C5A00C7A5BC /* Base */,
			);
			name = Main.storyboard;
			sourceTree = "<group>";
		};
		DAC9DE772B072C5C00C7A5BC /* LaunchScreen.storyboard */ = {
			isa = PBXVariantGroup;
			children = (
				DAC9DE782B072C5C00C7A5BC /* Base */,
			);
			name = LaunchScreen.storyboard;
			sourceTree = "<group>";
		};
/* End PBXVariantGroup section */

/* Begin XCBuildConfiguration section */
		DAC9DE912B072C5C00C7A5BC /* Debug */ = {
			isa = XCBuildConfiguration;
			buildSettings = {
				ALWAYS_SEARCH_USER_PATHS = NO;
				CLANG_ANALYZER_NONNULL = YES;
				CLANG_ANALYZER_NUMBER_OBJECT_CONVERSION = YES_AGGRESSIVE;
				CLANG_CXX_LANGUAGE_STANDARD = "gnu++20";
				CLANG_ENABLE_MODULES = YES;
				CLANG_ENABLE_OBJC_ARC = YES;
				CLANG_ENABLE_OBJC_WEAK = YES;
				CLANG_WARN_BLOCK_CAPTURE_AUTORELEASING = YES;
				CLANG_WARN_BOOL_CONVERSION = YES;
				CLANG_WARN_COMMA = YES;
				CLANG_WARN_CONSTANT_CONVERSION = YES;
				CLANG_WARN_DEPRECATED_OBJC_IMPLEMENTATIONS = YES;
				CLANG_WARN_DIRECT_OBJC_ISA_USAGE = YES_ERROR;
				CLANG_WARN_DOCUMENTATION_COMMENTS = YES;
				CLANG_WARN_EMPTY_BODY = YES;
				CLANG_WARN_ENUM_CONVERSION = YES;
				CLANG_WARN_INFINITE_RECURSION = YES;
				CLANG_WARN_INT_CONVERSION = YES;
				CLANG_WARN_NON_LITERAL_NULL_CONVERSION = YES;
				CLANG_WARN_OBJC_IMPLICIT_RETAIN_SELF = YES;
				CLANG_WARN_OBJC_LITERAL_CONVERSION = YES;
				CLANG_WARN_OBJC_ROOT_CLASS = YES_ERROR;
				CLANG_WARN_QUOTED_INCLUDE_IN_FRAMEWORK_HEADER = YES;
				CLANG_WARN_RANGE_LOOP_ANALYSIS = YES;
				CLANG_WARN_STRICT_PROTOTYPES = YES;
				CLANG_WARN_SUSPICIOUS_MOVE = YES;
				CLANG_WARN_UNGUARDED_AVAILABILITY = YES_AGGRESSIVE;
				CLANG_WARN_UNREACHABLE_CODE = YES;
				CLANG_WARN__DUPLICATE_METHOD_MATCH = YES;
				COPY_PHASE_STRIP = NO;
				DEBUG_INFORMATION_FORMAT = dwarf;
				ENABLE_STRICT_OBJC_MSGSEND = YES;
				ENABLE_TESTABILITY = YES;
				GCC_C_LANGUAGE_STANDARD = gnu11;
				GCC_DYNAMIC_NO_PIC = NO;
				GCC_NO_COMMON_BLOCKS = YES;
				GCC_OPTIMIZATION_LEVEL = 0;
				GCC_PREPROCESSOR_DEFINITIONS = (
					"DEBUG=1",
					"$(inherited)",
				);
				GCC_WARN_64_TO_32_BIT_CONVERSION = YES;
				GCC_WARN_ABOUT_RETURN_TYPE = YES_ERROR;
				GCC_WARN_UNDECLARED_SELECTOR = YES;
				GCC_WARN_UNINITIALIZED_AUTOS = YES_AGGRESSIVE;
				GCC_WARN_UNUSED_FUNCTION = YES;
				GCC_WARN_UNUSED_VARIABLE = YES;
				IPHONEOS_DEPLOYMENT_TARGET = 16.4;
				MTL_ENABLE_DEBUG_INFO = INCLUDE_SOURCE;
				MTL_FAST_MATH = YES;
				ONLY_ACTIVE_ARCH = YES;
				SDKROOT = iphoneos;
				SWIFT_ACTIVE_COMPILATION_CONDITIONS = DEBUG;
				SWIFT_OPTIMIZATION_LEVEL = "-Onone";
			};
			name = Debug;
		};
		DAC9DE922B072C5C00C7A5BC /* Release */ = {
			isa = XCBuildConfiguration;
			buildSettings = {
				ALWAYS_SEARCH_USER_PATHS = NO;
				CLANG_ANALYZER_NONNULL = YES;
				CLANG_ANALYZER_NUMBER_OBJECT_CONVERSION = YES_AGGRESSIVE;
				CLANG_CXX_LANGUAGE_STANDARD = "gnu++20";
				CLANG_ENABLE_MODULES = YES;
				CLANG_ENABLE_OBJC_ARC = YES;
				CLANG_ENABLE_OBJC_WEAK = YES;
				CLANG_WARN_BLOCK_CAPTURE_AUTORELEASING = YES;
				CLANG_WARN_BOOL_CONVERSION = YES;
				CLANG_WARN_COMMA = YES;
				CLANG_WARN_CONSTANT_CONVERSION = YES;
				CLANG_WARN_DEPRECATED_OBJC_IMPLEMENTATIONS = YES;
				CLANG_WARN_DIRECT_OBJC_ISA_USAGE = YES_ERROR;
				CLANG_WARN_DOCUMENTATION_COMMENTS = YES;
				CLANG_WARN_EMPTY_BODY = YES;
				CLANG_WARN_ENUM_CONVERSION = YES;
				CLANG_WARN_INFINITE_RECURSION = YES;
				CLANG_WARN_INT_CONVERSION = YES;
				CLANG_WARN_NON_LITERAL_NULL_CONVERSION = YES;
				CLANG_WARN_OBJC_IMPLICIT_RETAIN_SELF = YES;
				CLANG_WARN_OBJC_LITERAL_CONVERSION = YES;
				CLANG_WARN_OBJC_ROOT_CLASS = YES_ERROR;
				CLANG_WARN_QUOTED_INCLUDE_IN_FRAMEWORK_HEADER = YES;
				CLANG_WARN_RANGE_LOOP_ANALYSIS = YES;
				CLANG_WARN_STRICT_PROTOTYPES = YES;
				CLANG_WARN_SUSPICIOUS_MOVE = YES;
				CLANG_WARN_UNGUARDED_AVAILABILITY = YES_AGGRESSIVE;
				CLANG_WARN_UNREACHABLE_CODE = YES;
				CLANG_WARN__DUPLICATE_METHOD_MATCH = YES;
				COPY_PHASE_STRIP = NO;
				DEBUG_INFORMATION_FORMAT = "dwarf-with-dsym";
				ENABLE_NS_ASSERTIONS = NO;
				ENABLE_STRICT_OBJC_MSGSEND = YES;
				GCC_C_LANGUAGE_STANDARD = gnu11;
				GCC_NO_COMMON_BLOCKS = YES;
				GCC_WARN_64_TO_32_BIT_CONVERSION = YES;
				GCC_WARN_ABOUT_RETURN_TYPE = YES_ERROR;
				GCC_WARN_UNDECLARED_SELECTOR = YES;
				GCC_WARN_UNINITIALIZED_AUTOS = YES_AGGRESSIVE;
				GCC_WARN_UNUSED_FUNCTION = YES;
				GCC_WARN_UNUSED_VARIABLE = YES;
				IPHONEOS_DEPLOYMENT_TARGET = 16.4;
				MTL_ENABLE_DEBUG_INFO = NO;
				MTL_FAST_MATH = YES;
				SDKROOT = iphoneos;
				SWIFT_COMPILATION_MODE = wholemodule;
				SWIFT_OPTIMIZATION_LEVEL = "-O";
				VALIDATE_PRODUCT = YES;
			};
			name = Release;
		};
		DAC9DE942B072C5C00C7A5BC /* Debug */ = {
			isa = XCBuildConfiguration;
			buildSettings = {
				ASSETCATALOG_COMPILER_APPICON_NAME = AppIcon;
				ASSETCATALOG_COMPILER_GLOBAL_ACCENT_COLOR_NAME = AccentColor;
				CODE_SIGN_STYLE = Automatic;
				CURRENT_PROJECT_VERSION = 1;
				DEVELOPMENT_TEAM = 69PT5BP5W8;
				GENERATE_INFOPLIST_FILE = YES;
				INFOPLIST_FILE = HW6/Info.plist;
				INFOPLIST_KEY_UIApplicationSupportsIndirectInputEvents = YES;
				INFOPLIST_KEY_UILaunchStoryboardName = LaunchScreen;
				INFOPLIST_KEY_UIMainStoryboardFile = Main;
				INFOPLIST_KEY_UISupportedInterfaceOrientations_iPad = "UIInterfaceOrientationPortrait UIInterfaceOrientationPortraitUpsideDown UIInterfaceOrientationLandscapeLeft UIInterfaceOrientationLandscapeRight";
				INFOPLIST_KEY_UISupportedInterfaceOrientations_iPhone = "UIInterfaceOrientationPortrait UIInterfaceOrientationLandscapeLeft UIInterfaceOrientationLandscapeRight";
				LD_RUNPATH_SEARCH_PATHS = (
					"$(inherited)",
					"@executable_path/Frameworks",
				);
				MARKETING_VERSION = 1.0;
				PRODUCT_BUNDLE_IDENTIFIER = com.pard.shinwon.HW6;
				PRODUCT_NAME = "$(TARGET_NAME)";
				SWIFT_EMIT_LOC_STRINGS = YES;
				SWIFT_VERSION = 5.0;
				TARGETED_DEVICE_FAMILY = "1,2";
			};
			name = Debug;
		};
		DAC9DE952B072C5C00C7A5BC /* Release */ = {
			isa = XCBuildConfiguration;
			buildSettings = {
				ASSETCATALOG_COMPILER_APPICON_NAME = AppIcon;
				ASSETCATALOG_COMPILER_GLOBAL_ACCENT_COLOR_NAME = AccentColor;
				CODE_SIGN_STYLE = Automatic;
				CURRENT_PROJECT_VERSION = 1;
				DEVELOPMENT_TEAM = 69PT5BP5W8;
				GENERATE_INFOPLIST_FILE = YES;
				INFOPLIST_FILE = HW6/Info.plist;
				INFOPLIST_KEY_UIApplicationSupportsIndirectInputEvents = YES;
				INFOPLIST_KEY_UILaunchStoryboardName = LaunchScreen;
				INFOPLIST_KEY_UIMainStoryboardFile = Main;
				INFOPLIST_KEY_UISupportedInterfaceOrientations_iPad = "UIInterfaceOrientationPortrait UIInterfaceOrientationPortraitUpsideDown UIInterfaceOrientationLandscapeLeft UIInterfaceOrientationLandscapeRight";
				INFOPLIST_KEY_UISupportedInterfaceOrientations_iPhone = "UIInterfaceOrientationPortrait UIInterfaceOrientationLandscapeLeft UIInterfaceOrientationLandscapeRight";
				LD_RUNPATH_SEARCH_PATHS = (
					"$(inherited)",
					"@executable_path/Frameworks",
				);
				MARKETING_VERSION = 1.0;
				PRODUCT_BUNDLE_IDENTIFIER = com.pard.shinwon.HW6;
				PRODUCT_NAME = "$(TARGET_NAME)";
				SWIFT_EMIT_LOC_STRINGS = YES;
				SWIFT_VERSION = 5.0;
				TARGETED_DEVICE_FAMILY = "1,2";
			};
			name = Release;
		};
		DAC9DE972B072C5C00C7A5BC /* Debug */ = {
			isa = XCBuildConfiguration;
			buildSettings = {
				ALWAYS_EMBED_SWIFT_STANDARD_LIBRARIES = YES;
				BUNDLE_LOADER = "$(TEST_HOST)";
				CODE_SIGN_STYLE = Automatic;
				CURRENT_PROJECT_VERSION = 1;
				DEVELOPMENT_TEAM = 69PT5BP5W8;
				GENERATE_INFOPLIST_FILE = YES;
				IPHONEOS_DEPLOYMENT_TARGET = 16.4;
				MARKETING_VERSION = 1.0;
				PRODUCT_BUNDLE_IDENTIFIER = com.pard.shinwon.HW6Tests;
				PRODUCT_NAME = "$(TARGET_NAME)";
				SWIFT_EMIT_LOC_STRINGS = NO;
				SWIFT_VERSION = 5.0;
				TARGETED_DEVICE_FAMILY = "1,2";
				TEST_HOST = "$(BUILT_PRODUCTS_DIR)/HW6.app/$(BUNDLE_EXECUTABLE_FOLDER_PATH)/HW6";
			};
			name = Debug;
		};
		DAC9DE982B072C5C00C7A5BC /* Release */ = {
			isa = XCBuildConfiguration;
			buildSettings = {
				ALWAYS_EMBED_SWIFT_STANDARD_LIBRARIES = YES;
				BUNDLE_LOADER = "$(TEST_HOST)";
				CODE_SIGN_STYLE = Automatic;
				CURRENT_PROJECT_VERSION = 1;
				DEVELOPMENT_TEAM = 69PT5BP5W8;
				GENERATE_INFOPLIST_FILE = YES;
				IPHONEOS_DEPLOYMENT_TARGET = 16.4;
				MARKETING_VERSION = 1.0;
				PRODUCT_BUNDLE_IDENTIFIER = com.pard.shinwon.HW6Tests;
				PRODUCT_NAME = "$(TARGET_NAME)";
				SWIFT_EMIT_LOC_STRINGS = NO;
				SWIFT_VERSION = 5.0;
				TARGETED_DEVICE_FAMILY = "1,2";
				TEST_HOST = "$(BUILT_PRODUCTS_DIR)/HW6.app/$(BUNDLE_EXECUTABLE_FOLDER_PATH)/HW6";
			};
			name = Release;
		};
		DAC9DE9A2B072C5C00C7A5BC /* Debug */ = {
			isa = XCBuildConfiguration;
			buildSettings = {
				ALWAYS_EMBED_SWIFT_STANDARD_LIBRARIES = YES;
				CODE_SIGN_STYLE = Automatic;
				CURRENT_PROJECT_VERSION = 1;
				DEVELOPMENT_TEAM = 69PT5BP5W8;
				GENERATE_INFOPLIST_FILE = YES;
				MARKETING_VERSION = 1.0;
				PRODUCT_BUNDLE_IDENTIFIER = com.pard.shinwon.HW6UITests;
				PRODUCT_NAME = "$(TARGET_NAME)";
				SWIFT_EMIT_LOC_STRINGS = NO;
				SWIFT_VERSION = 5.0;
				TARGETED_DEVICE_FAMILY = "1,2";
				TEST_TARGET_NAME = HW6;
			};
			name = Debug;
		};
		DAC9DE9B2B072C5C00C7A5BC /* Release */ = {
			isa = XCBuildConfiguration;
			buildSettings = {
				ALWAYS_EMBED_SWIFT_STANDARD_LIBRARIES = YES;
				CODE_SIGN_STYLE = Automatic;
				CURRENT_PROJECT_VERSION = 1;
				DEVELOPMENT_TEAM = 69PT5BP5W8;
				GENERATE_INFOPLIST_FILE = YES;
				MARKETING_VERSION = 1.0;
				PRODUCT_BUNDLE_IDENTIFIER = com.pard.shinwon.HW6UITests;
				PRODUCT_NAME = "$(TARGET_NAME)";
				SWIFT_EMIT_LOC_STRINGS = NO;
				SWIFT_VERSION = 5.0;
				TARGETED_DEVICE_FAMILY = "1,2";
				TEST_TARGET_NAME = HW6;
			};
			name = Release;
		};
/* End XCBuildConfiguration section */

/* Begin XCConfigurationList section */
		DAC9DE642B072C5A00C7A5BC /* Build configuration list for PBXProject "HW6" */ = {
			isa = XCConfigurationList;
			buildConfigurations = (
				DAC9DE912B072C5C00C7A5BC /* Debug */,
				DAC9DE922B072C5C00C7A5BC /* Release */,
			);
			defaultConfigurationIsVisible = 0;
			defaultConfigurationName = Release;
		};
		DAC9DE932B072C5C00C7A5BC /* Build configuration list for PBXNativeTarget "HW6" */ = {
			isa = XCConfigurationList;
			buildConfigurations = (
				DAC9DE942B072C5C00C7A5BC /* Debug */,
				DAC9DE952B072C5C00C7A5BC /* Release */,
			);
			defaultConfigurationIsVisible = 0;
			defaultConfigurationName = Release;
		};
		DAC9DE962B072C5C00C7A5BC /* Build configuration list for PBXNativeTarget "HW6Tests" */ = {
			isa = XCConfigurationList;
			buildConfigurations = (
				DAC9DE972B072C5C00C7A5BC /* Debug */,
				DAC9DE982B072C5C00C7A5BC /* Release */,
			);
			defaultConfigurationIsVisible = 0;
			defaultConfigurationName = Release;
		};
		DAC9DE992B072C5C00C7A5BC /* Build configuration list for PBXNativeTarget "HW6UITests" */ = {
			isa = XCConfigurationList;
			buildConfigurations = (
				DAC9DE9A2B072C5C00C7A5BC /* Debug */,
				DAC9DE9B2B072C5C00C7A5BC /* Release */,
			);
			defaultConfigurationIsVisible = 0;
			defaultConfigurationName = Release;
		};
/* End XCConfigurationList section */
	};
	rootObject = DAC9DE612B072C5A00C7A5BC /* Project object */;
}
