// !$*UTF8*$!
{
	archiveVersion = 1;
	classes = {
	};
	objectVersion = 56;
	objects = {

/* Begin PBXBuildFile section */
		DA1856EE2AC7E10D00B89847 /* AppDelegate.swift in Sources */ = {isa = PBXBuildFile; fileRef = DA1856ED2AC7E10D00B89847 /* AppDelegate.swift */; };
		DA1856F02AC7E10D00B89847 /* SceneDelegate.swift in Sources */ = {isa = PBXBuildFile; fileRef = DA1856EF2AC7E10D00B89847 /* SceneDelegate.swift */; };
		DA1856F22AC7E10D00B89847 /* MainTabBarViewController.swift in Sources */ = {isa = PBXBuildFile; fileRef = DA1856F12AC7E10D00B89847 /* MainTabBarViewController.swift */; };
		DA1856F52AC7E10D00B89847 /* Main.storyboard in Resources */ = {isa = PBXBuildFile; fileRef = DA1856F32AC7E10D00B89847 /* Main.storyboard */; };
		DA1856F72AC7E10E00B89847 /* Assets.xcassets in Resources */ = {isa = PBXBuildFile; fileRef = DA1856F62AC7E10E00B89847 /* Assets.xcassets */; };
		DA1856FA2AC7E10E00B89847 /* LaunchScreen.storyboard in Resources */ = {isa = PBXBuildFile; fileRef = DA1856F82AC7E10E00B89847 /* LaunchScreen.storyboard */; };
		DA1857052AC7E10E00B89847 /* HW4Tests.swift in Sources */ = {isa = PBXBuildFile; fileRef = DA1857042AC7E10E00B89847 /* HW4Tests.swift */; };
		DA18570F2AC7E10E00B89847 /* HW4UITests.swift in Sources */ = {isa = PBXBuildFile; fileRef = DA18570E2AC7E10E00B89847 /* HW4UITests.swift */; };
		DA1857112AC7E10E00B89847 /* HW4UITestsLaunchTests.swift in Sources */ = {isa = PBXBuildFile; fileRef = DA1857102AC7E10E00B89847 /* HW4UITestsLaunchTests.swift */; };
		DA18571F2AC7EE3200B89847 /* HomeViewController.swift in Sources */ = {isa = PBXBuildFile; fileRef = DA18571E2AC7EE3200B89847 /* HomeViewController.swift */; };
		DA1857212AC7EE4D00B89847 /* UpcomingViewController.swift in Sources */ = {isa = PBXBuildFile; fileRef = DA1857202AC7EE4D00B89847 /* UpcomingViewController.swift */; };
		DA1857232AC7EE5900B89847 /* SearchViewController.swift in Sources */ = {isa = PBXBuildFile; fileRef = DA1857222AC7EE5900B89847 /* SearchViewController.swift */; };
		DA1857252AC7EE6D00B89847 /* DownloadsViewController.swift in Sources */ = {isa = PBXBuildFile; fileRef = DA1857242AC7EE6D00B89847 /* DownloadsViewController.swift */; };
		DA1857272AC7F1B000B89847 /* MoreViewController.swift in Sources */ = {isa = PBXBuildFile; fileRef = DA1857262AC7F1B000B89847 /* MoreViewController.swift */; };
		DA18572C2AC81C6200B89847 /* CollectionViewTableViewCell.swift in Sources */ = {isa = PBXBuildFile; fileRef = DA18572B2AC81C6200B89847 /* CollectionViewTableViewCell.swift */; };
		DA18572E2AC82D1200B89847 /* HeroHeaderUIView.swift in Sources */ = {isa = PBXBuildFile; fileRef = DA18572D2AC82D1200B89847 /* HeroHeaderUIView.swift */; };
		DA1857342AC863EE00B89847 /* Movie.swift in Sources */ = {isa = PBXBuildFile; fileRef = DA1857332AC863EE00B89847 /* Movie.swift */; };
		DA1857362AC864CE00B89847 /* TitleCollectionViewCell.swift in Sources */ = {isa = PBXBuildFile; fileRef = DA1857352AC864CE00B89847 /* TitleCollectionViewCell.swift */; };
		DA1857392AC87F8F00B89847 /* MovieData.swift in Sources */ = {isa = PBXBuildFile; fileRef = DA1857382AC87F8F00B89847 /* MovieData.swift */; };
		DAC62E862AD0FFC900CC5C8B /* SearchTableViewCell.swift in Sources */ = {isa = PBXBuildFile; fileRef = DAC62E852AD0FFC900CC5C8B /* SearchTableViewCell.swift */; };
		DAC62E882AD1078900CC5C8B /* Search.swift in Sources */ = {isa = PBXBuildFile; fileRef = DAC62E872AD1078900CC5C8B /* Search.swift */; };
/* End PBXBuildFile section */

/* Begin PBXContainerItemProxy section */
		DA1857012AC7E10E00B89847 /* PBXContainerItemProxy */ = {
			isa = PBXContainerItemProxy;
			containerPortal = DA1856E22AC7E10D00B89847 /* Project object */;
			proxyType = 1;
			remoteGlobalIDString = DA1856E92AC7E10D00B89847;
			remoteInfo = HW3;
		};
		DA18570B2AC7E10E00B89847 /* PBXContainerItemProxy */ = {
			isa = PBXContainerItemProxy;
			containerPortal = DA1856E22AC7E10D00B89847 /* Project object */;
			proxyType = 1;
			remoteGlobalIDString = DA1856E92AC7E10D00B89847;
			remoteInfo = HW3;
		};
/* End PBXContainerItemProxy section */

/* Begin PBXFileReference section */
		DA1856EA2AC7E10D00B89847 /* HW4.app */ = {isa = PBXFileReference; explicitFileType = wrapper.application; includeInIndex = 0; path = HW4.app; sourceTree = BUILT_PRODUCTS_DIR; };
		DA1856ED2AC7E10D00B89847 /* AppDelegate.swift */ = {isa = PBXFileReference; lastKnownFileType = sourcecode.swift; path = AppDelegate.swift; sourceTree = "<group>"; };
		DA1856EF2AC7E10D00B89847 /* SceneDelegate.swift */ = {isa = PBXFileReference; lastKnownFileType = sourcecode.swift; path = SceneDelegate.swift; sourceTree = "<group>"; };
		DA1856F12AC7E10D00B89847 /* MainTabBarViewController.swift */ = {isa = PBXFileReference; lastKnownFileType = sourcecode.swift; path = MainTabBarViewController.swift; sourceTree = "<group>"; };
		DA1856F42AC7E10D00B89847 /* Base */ = {isa = PBXFileReference; lastKnownFileType = file.storyboard; name = Base; path = Base.lproj/Main.storyboard; sourceTree = "<group>"; };
		DA1856F62AC7E10E00B89847 /* Assets.xcassets */ = {isa = PBXFileReference; lastKnownFileType = folder.assetcatalog; path = Assets.xcassets; sourceTree = "<group>"; };
		DA1856F92AC7E10E00B89847 /* Base */ = {isa = PBXFileReference; lastKnownFileType = file.storyboard; name = Base; path = Base.lproj/LaunchScreen.storyboard; sourceTree = "<group>"; };
		DA1856FB2AC7E10E00B89847 /* Info.plist */ = {isa = PBXFileReference; lastKnownFileType = text.plist.xml; path = Info.plist; sourceTree = "<group>"; };
		DA1857002AC7E10E00B89847 /* HW4Tests.xctest */ = {isa = PBXFileReference; explicitFileType = wrapper.cfbundle; includeInIndex = 0; path = HW4Tests.xctest; sourceTree = BUILT_PRODUCTS_DIR; };
		DA1857042AC7E10E00B89847 /* HW4Tests.swift */ = {isa = PBXFileReference; lastKnownFileType = sourcecode.swift; path = HW4Tests.swift; sourceTree = "<group>"; };
		DA18570A2AC7E10E00B89847 /* HW4UITests.xctest */ = {isa = PBXFileReference; explicitFileType = wrapper.cfbundle; includeInIndex = 0; path = HW4UITests.xctest; sourceTree = BUILT_PRODUCTS_DIR; };
		DA18570E2AC7E10E00B89847 /* HW4UITests.swift */ = {isa = PBXFileReference; lastKnownFileType = sourcecode.swift; path = HW4UITests.swift; sourceTree = "<group>"; };
		DA1857102AC7E10E00B89847 /* HW4UITestsLaunchTests.swift */ = {isa = PBXFileReference; lastKnownFileType = sourcecode.swift; path = HW4UITestsLaunchTests.swift; sourceTree = "<group>"; };
		DA18571E2AC7EE3200B89847 /* HomeViewController.swift */ = {isa = PBXFileReference; lastKnownFileType = sourcecode.swift; path = HomeViewController.swift; sourceTree = "<group>"; };
		DA1857202AC7EE4D00B89847 /* UpcomingViewController.swift */ = {isa = PBXFileReference; lastKnownFileType = sourcecode.swift; path = UpcomingViewController.swift; sourceTree = "<group>"; };
		DA1857222AC7EE5900B89847 /* SearchViewController.swift */ = {isa = PBXFileReference; lastKnownFileType = sourcecode.swift; path = SearchViewController.swift; sourceTree = "<group>"; };
		DA1857242AC7EE6D00B89847 /* DownloadsViewController.swift */ = {isa = PBXFileReference; lastKnownFileType = sourcecode.swift; path = DownloadsViewController.swift; sourceTree = "<group>"; };
		DA1857262AC7F1B000B89847 /* MoreViewController.swift */ = {isa = PBXFileReference; lastKnownFileType = sourcecode.swift; path = MoreViewController.swift; sourceTree = "<group>"; };
		DA18572B2AC81C6200B89847 /* CollectionViewTableViewCell.swift */ = {isa = PBXFileReference; lastKnownFileType = sourcecode.swift; path = CollectionViewTableViewCell.swift; sourceTree = "<group>"; };
		DA18572D2AC82D1200B89847 /* HeroHeaderUIView.swift */ = {isa = PBXFileReference; lastKnownFileType = sourcecode.swift; path = HeroHeaderUIView.swift; sourceTree = "<group>"; };
		DA1857332AC863EE00B89847 /* Movie.swift */ = {isa = PBXFileReference; lastKnownFileType = sourcecode.swift; path = Movie.swift; sourceTree = "<group>"; };
		DA1857352AC864CE00B89847 /* TitleCollectionViewCell.swift */ = {isa = PBXFileReference; lastKnownFileType = sourcecode.swift; path = TitleCollectionViewCell.swift; sourceTree = "<group>"; };
		DA1857382AC87F8F00B89847 /* MovieData.swift */ = {isa = PBXFileReference; lastKnownFileType = sourcecode.swift; path = MovieData.swift; sourceTree = "<group>"; };
		DAC62E852AD0FFC900CC5C8B /* SearchTableViewCell.swift */ = {isa = PBXFileReference; lastKnownFileType = sourcecode.swift; path = SearchTableViewCell.swift; sourceTree = "<group>"; };
		DAC62E872AD1078900CC5C8B /* Search.swift */ = {isa = PBXFileReference; lastKnownFileType = sourcecode.swift; path = Search.swift; sourceTree = "<group>"; };
/* End PBXFileReference section */

/* Begin PBXFrameworksBuildPhase section */
		DA1856E72AC7E10D00B89847 /* Frameworks */ = {
			isa = PBXFrameworksBuildPhase;
			buildActionMask = 2147483647;
			files = (
			);
			runOnlyForDeploymentPostprocessing = 0;
		};
		DA1856FD2AC7E10E00B89847 /* Frameworks */ = {
			isa = PBXFrameworksBuildPhase;
			buildActionMask = 2147483647;
			files = (
			);
			runOnlyForDeploymentPostprocessing = 0;
		};
		DA1857072AC7E10E00B89847 /* Frameworks */ = {
			isa = PBXFrameworksBuildPhase;
			buildActionMask = 2147483647;
			files = (
			);
			runOnlyForDeploymentPostprocessing = 0;
		};
/* End PBXFrameworksBuildPhase section */

/* Begin PBXGroup section */
		DA1856E12AC7E10D00B89847 = {
			isa = PBXGroup;
			children = (
				DA1856EC2AC7E10D00B89847 /* HW4 */,
				DA1857032AC7E10E00B89847 /* HW4Tests */,
				DA18570D2AC7E10E00B89847 /* HW4UITests */,
				DA1856EB2AC7E10D00B89847 /* Products */,
			);
			sourceTree = "<group>";
		};
		DA1856EB2AC7E10D00B89847 /* Products */ = {
			isa = PBXGroup;
			children = (
				DA1856EA2AC7E10D00B89847 /* HW4.app */,
				DA1857002AC7E10E00B89847 /* HW4Tests.xctest */,
				DA18570A2AC7E10E00B89847 /* HW4UITests.xctest */,
			);
			name = Products;
			sourceTree = "<group>";
		};
		DA1856EC2AC7E10D00B89847 /* HW4 */ = {
			isa = PBXGroup;
			children = (
				DA1857372AC87F7900B89847 /* resources */,
				DA18572F2AC85EF400B89847 /* Model */,
				DA1857282AC802CD00B89847 /* Views */,
				DA18571D2AC7EDF800B89847 /* Controller */,
				DA1856ED2AC7E10D00B89847 /* AppDelegate.swift */,
				DA1856EF2AC7E10D00B89847 /* SceneDelegate.swift */,
				DA1856F12AC7E10D00B89847 /* MainTabBarViewController.swift */,
				DA1856F32AC7E10D00B89847 /* Main.storyboard */,
				DA1856F62AC7E10E00B89847 /* Assets.xcassets */,
				DA1856F82AC7E10E00B89847 /* LaunchScreen.storyboard */,
				DA1856FB2AC7E10E00B89847 /* Info.plist */,
			);
			path = HW4;
			sourceTree = "<group>";
		};
		DA1857032AC7E10E00B89847 /* HW4Tests */ = {
			isa = PBXGroup;
			children = (
				DA1857042AC7E10E00B89847 /* HW4Tests.swift */,
			);
			path = HW4Tests;
			sourceTree = "<group>";
		};
		DA18570D2AC7E10E00B89847 /* HW4UITests */ = {
			isa = PBXGroup;
			children = (
				DA18570E2AC7E10E00B89847 /* HW4UITests.swift */,
				DA1857102AC7E10E00B89847 /* HW4UITestsLaunchTests.swift */,
			);
			path = HW4UITests;
			sourceTree = "<group>";
		};
		DA18571D2AC7EDF800B89847 /* Controller */ = {
			isa = PBXGroup;
			children = (
				DA18571E2AC7EE3200B89847 /* HomeViewController.swift */,
				DA1857202AC7EE4D00B89847 /* UpcomingViewController.swift */,
				DA1857222AC7EE5900B89847 /* SearchViewController.swift */,
				DA1857242AC7EE6D00B89847 /* DownloadsViewController.swift */,
				DA1857262AC7F1B000B89847 /* MoreViewController.swift */,
			);
			path = Controller;
			sourceTree = "<group>";
		};
		DA1857282AC802CD00B89847 /* Views */ = {
			isa = PBXGroup;
			children = (
				DAC62E822AD0FF8400CC5C8B /* searchView */,
				DA18572B2AC81C6200B89847 /* CollectionViewTableViewCell.swift */,
				DA18572D2AC82D1200B89847 /* HeroHeaderUIView.swift */,
				DA1857352AC864CE00B89847 /* TitleCollectionViewCell.swift */,
			);
			path = Views;
			sourceTree = "<group>";
		};
		DA18572F2AC85EF400B89847 /* Model */ = {
			isa = PBXGroup;
			children = (
				DA1857332AC863EE00B89847 /* Movie.swift */,
				DAC62E872AD1078900CC5C8B /* Search.swift */,
			);
			path = Model;
			sourceTree = "<group>";
		};
		DA1857372AC87F7900B89847 /* resources */ = {
			isa = PBXGroup;
			children = (
				DA1857382AC87F8F00B89847 /* MovieData.swift */,
			);
			path = resources;
			sourceTree = "<group>";
		};
		DAC62E822AD0FF8400CC5C8B /* searchView */ = {
			isa = PBXGroup;
			children = (
				DAC62E852AD0FFC900CC5C8B /* SearchTableViewCell.swift */,
			);
			path = searchView;
			sourceTree = "<group>";
		};
/* End PBXGroup section */

/* Begin PBXNativeTarget section */
		DA1856E92AC7E10D00B89847 /* HW4 */ = {
			isa = PBXNativeTarget;
			buildConfigurationList = DA1857142AC7E10E00B89847 /* Build configuration list for PBXNativeTarget "HW4" */;
			buildPhases = (
				DA1856E62AC7E10D00B89847 /* Sources */,
				DA1856E72AC7E10D00B89847 /* Frameworks */,
				DA1856E82AC7E10D00B89847 /* Resources */,
			);
			buildRules = (
			);
			dependencies = (
			);
			name = HW4;
			productName = HW3;
			productReference = DA1856EA2AC7E10D00B89847 /* HW4.app */;
			productType = "com.apple.product-type.application";
		};
		DA1856FF2AC7E10E00B89847 /* HW4Tests */ = {
			isa = PBXNativeTarget;
			buildConfigurationList = DA1857172AC7E10E00B89847 /* Build configuration list for PBXNativeTarget "HW4Tests" */;
			buildPhases = (
				DA1856FC2AC7E10E00B89847 /* Sources */,
				DA1856FD2AC7E10E00B89847 /* Frameworks */,
				DA1856FE2AC7E10E00B89847 /* Resources */,
			);
			buildRules = (
			);
			dependencies = (
				DA1857022AC7E10E00B89847 /* PBXTargetDependency */,
			);
			name = HW4Tests;
			productName = HW3Tests;
			productReference = DA1857002AC7E10E00B89847 /* HW4Tests.xctest */;
			productType = "com.apple.product-type.bundle.unit-test";
		};
		DA1857092AC7E10E00B89847 /* HW4UITests */ = {
			isa = PBXNativeTarget;
			buildConfigurationList = DA18571A2AC7E10E00B89847 /* Build configuration list for PBXNativeTarget "HW4UITests" */;
			buildPhases = (
				DA1857062AC7E10E00B89847 /* Sources */,
				DA1857072AC7E10E00B89847 /* Frameworks */,
				DA1857082AC7E10E00B89847 /* Resources */,
			);
			buildRules = (
			);
			dependencies = (
				DA18570C2AC7E10E00B89847 /* PBXTargetDependency */,
			);
			name = HW4UITests;
			productName = HW3UITests;
			productReference = DA18570A2AC7E10E00B89847 /* HW4UITests.xctest */;
			productType = "com.apple.product-type.bundle.ui-testing";
		};
/* End PBXNativeTarget section */

/* Begin PBXProject section */
		DA1856E22AC7E10D00B89847 /* Project object */ = {
			isa = PBXProject;
			attributes = {
				BuildIndependentTargetsInParallel = 1;
				LastSwiftUpdateCheck = 1430;
				LastUpgradeCheck = 1430;
				TargetAttributes = {
					DA1856E92AC7E10D00B89847 = {
						CreatedOnToolsVersion = 14.3.1;
					};
					DA1856FF2AC7E10E00B89847 = {
						CreatedOnToolsVersion = 14.3.1;
						TestTargetID = DA1856E92AC7E10D00B89847;
					};
					DA1857092AC7E10E00B89847 = {
						CreatedOnToolsVersion = 14.3.1;
						TestTargetID = DA1856E92AC7E10D00B89847;
					};
				};
			};
			buildConfigurationList = DA1856E52AC7E10D00B89847 /* Build configuration list for PBXProject "HW4" */;
			compatibilityVersion = "Xcode 14.0";
			developmentRegion = en;
			hasScannedForEncodings = 0;
			knownRegions = (
				en,
				Base,
			);
			mainGroup = DA1856E12AC7E10D00B89847;
			productRefGroup = DA1856EB2AC7E10D00B89847 /* Products */;
			projectDirPath = "";
			projectRoot = "";
			targets = (
				DA1856E92AC7E10D00B89847 /* HW4 */,
				DA1856FF2AC7E10E00B89847 /* HW4Tests */,
				DA1857092AC7E10E00B89847 /* HW4UITests */,
			);
		};
/* End PBXProject section */

/* Begin PBXResourcesBuildPhase section */
		DA1856E82AC7E10D00B89847 /* Resources */ = {
			isa = PBXResourcesBuildPhase;
			buildActionMask = 2147483647;
			files = (
				DA1856FA2AC7E10E00B89847 /* LaunchScreen.storyboard in Resources */,
				DA1856F72AC7E10E00B89847 /* Assets.xcassets in Resources */,
				DA1856F52AC7E10D00B89847 /* Main.storyboard in Resources */,
			);
			runOnlyForDeploymentPostprocessing = 0;
		};
		DA1856FE2AC7E10E00B89847 /* Resources */ = {
			isa = PBXResourcesBuildPhase;
			buildActionMask = 2147483647;
			files = (
			);
			runOnlyForDeploymentPostprocessing = 0;
		};
		DA1857082AC7E10E00B89847 /* Resources */ = {
			isa = PBXResourcesBuildPhase;
			buildActionMask = 2147483647;
			files = (
			);
			runOnlyForDeploymentPostprocessing = 0;
		};
/* End PBXResourcesBuildPhase section */

/* Begin PBXSourcesBuildPhase section */
		DA1856E62AC7E10D00B89847 /* Sources */ = {
			isa = PBXSourcesBuildPhase;
			buildActionMask = 2147483647;
			files = (
				DA18572C2AC81C6200B89847 /* CollectionViewTableViewCell.swift in Sources */,
				DA18572E2AC82D1200B89847 /* HeroHeaderUIView.swift in Sources */,
				DA1857232AC7EE5900B89847 /* SearchViewController.swift in Sources */,
				DA1856F22AC7E10D00B89847 /* MainTabBarViewController.swift in Sources */,
				DA1857252AC7EE6D00B89847 /* DownloadsViewController.swift in Sources */,
				DAC62E862AD0FFC900CC5C8B /* SearchTableViewCell.swift in Sources */,
				DA1856EE2AC7E10D00B89847 /* AppDelegate.swift in Sources */,
				DA1857392AC87F8F00B89847 /* MovieData.swift in Sources */,
				DA1856F02AC7E10D00B89847 /* SceneDelegate.swift in Sources */,
				DA1857272AC7F1B000B89847 /* MoreViewController.swift in Sources */,
				DA1857212AC7EE4D00B89847 /* UpcomingViewController.swift in Sources */,
				DA1857362AC864CE00B89847 /* TitleCollectionViewCell.swift in Sources */,
				DAC62E882AD1078900CC5C8B /* Search.swift in Sources */,
				DA1857342AC863EE00B89847 /* Movie.swift in Sources */,
				DA18571F2AC7EE3200B89847 /* HomeViewController.swift in Sources */,
			);
			runOnlyForDeploymentPostprocessing = 0;
		};
		DA1856FC2AC7E10E00B89847 /* Sources */ = {
			isa = PBXSourcesBuildPhase;
			buildActionMask = 2147483647;
			files = (
				DA1857052AC7E10E00B89847 /* HW4Tests.swift in Sources */,
			);
			runOnlyForDeploymentPostprocessing = 0;
		};
		DA1857062AC7E10E00B89847 /* Sources */ = {
			isa = PBXSourcesBuildPhase;
			buildActionMask = 2147483647;
			files = (
				DA18570F2AC7E10E00B89847 /* HW4UITests.swift in Sources */,
				DA1857112AC7E10E00B89847 /* HW4UITestsLaunchTests.swift in Sources */,
			);
			runOnlyForDeploymentPostprocessing = 0;
		};
/* End PBXSourcesBuildPhase section */

/* Begin PBXTargetDependency section */
		DA1857022AC7E10E00B89847 /* PBXTargetDependency */ = {
			isa = PBXTargetDependency;
			target = DA1856E92AC7E10D00B89847 /* HW4 */;
			targetProxy = DA1857012AC7E10E00B89847 /* PBXContainerItemProxy */;
		};
		DA18570C2AC7E10E00B89847 /* PBXTargetDependency */ = {
			isa = PBXTargetDependency;
			target = DA1856E92AC7E10D00B89847 /* HW4 */;
			targetProxy = DA18570B2AC7E10E00B89847 /* PBXContainerItemProxy */;
		};
/* End PBXTargetDependency section */

/* Begin PBXVariantGroup section */
		DA1856F32AC7E10D00B89847 /* Main.storyboard */ = {
			isa = PBXVariantGroup;
			children = (
				DA1856F42AC7E10D00B89847 /* Base */,
			);
			name = Main.storyboard;
			sourceTree = "<group>";
		};
		DA1856F82AC7E10E00B89847 /* LaunchScreen.storyboard */ = {
			isa = PBXVariantGroup;
			children = (
				DA1856F92AC7E10E00B89847 /* Base */,
			);
			name = LaunchScreen.storyboard;
			sourceTree = "<group>";
		};
/* End PBXVariantGroup section */

/* Begin XCBuildConfiguration section */
		DA1857122AC7E10E00B89847 /* Debug */ = {
			isa = XCBuildConfiguration;
			buildSettings = {
				ALWAYS_SEARCH_USER_PATHS = NO;
				CLANG_ANALYZER_NONNULL = YES;
				CLANG_ANALYZER_NUMBER_OBJECT_CONVERSION = YES_AGGRESSIVE;
				CLANG_CXX_LANGUAGE_STANDARD = "gnu++20";
				CLANG_ENABLE_MODULES = YES;
				CLANG_ENABLE_OBJC_ARC = YES;
				CLANG_ENABLE_OBJC_WEAK = YES;
				CLANG_WARN_BLOCK_CAPTURE_AUTORELEASING = YES;
				CLANG_WARN_BOOL_CONVERSION = YES;
				CLANG_WARN_COMMA = YES;
				CLANG_WARN_CONSTANT_CONVERSION = YES;
				CLANG_WARN_DEPRECATED_OBJC_IMPLEMENTATIONS = YES;
				CLANG_WARN_DIRECT_OBJC_ISA_USAGE = YES_ERROR;
				CLANG_WARN_DOCUMENTATION_COMMENTS = YES;
				CLANG_WARN_EMPTY_BODY = YES;
				CLANG_WARN_ENUM_CONVERSION = YES;
				CLANG_WARN_INFINITE_RECURSION = YES;
				CLANG_WARN_INT_CONVERSION = YES;
				CLANG_WARN_NON_LITERAL_NULL_CONVERSION = YES;
				CLANG_WARN_OBJC_IMPLICIT_RETAIN_SELF = YES;
				CLANG_WARN_OBJC_LITERAL_CONVERSION = YES;
				CLANG_WARN_OBJC_ROOT_CLASS = YES_ERROR;
				CLANG_WARN_QUOTED_INCLUDE_IN_FRAMEWORK_HEADER = YES;
				CLANG_WARN_RANGE_LOOP_ANALYSIS = YES;
				CLANG_WARN_STRICT_PROTOTYPES = YES;
				CLANG_WARN_SUSPICIOUS_MOVE = YES;
				CLANG_WARN_UNGUARDED_AVAILABILITY = YES_AGGRESSIVE;
				CLANG_WARN_UNREACHABLE_CODE = YES;
				CLANG_WARN__DUPLICATE_METHOD_MATCH = YES;
				COPY_PHASE_STRIP = NO;
				DEBUG_INFORMATION_FORMAT = dwarf;
				ENABLE_STRICT_OBJC_MSGSEND = YES;
				ENABLE_TESTABILITY = YES;
				GCC_C_LANGUAGE_STANDARD = gnu11;
				GCC_DYNAMIC_NO_PIC = NO;
				GCC_NO_COMMON_BLOCKS = YES;
				GCC_OPTIMIZATION_LEVEL = 0;
				GCC_PREPROCESSOR_DEFINITIONS = (
					"DEBUG=1",
					"$(inherited)",
				);
				GCC_WARN_64_TO_32_BIT_CONVERSION = YES;
				GCC_WARN_ABOUT_RETURN_TYPE = YES_ERROR;
				GCC_WARN_UNDECLARED_SELECTOR = YES;
				GCC_WARN_UNINITIALIZED_AUTOS = YES_AGGRESSIVE;
				GCC_WARN_UNUSED_FUNCTION = YES;
				GCC_WARN_UNUSED_VARIABLE = YES;
				IPHONEOS_DEPLOYMENT_TARGET = 16.4;
				MTL_ENABLE_DEBUG_INFO = INCLUDE_SOURCE;
				MTL_FAST_MATH = YES;
				ONLY_ACTIVE_ARCH = YES;
				SDKROOT = iphoneos;
				SWIFT_ACTIVE_COMPILATION_CONDITIONS = DEBUG;
				SWIFT_OPTIMIZATION_LEVEL = "-Onone";
			};
			name = Debug;
		};
		DA1857132AC7E10E00B89847 /* Release */ = {
			isa = XCBuildConfiguration;
			buildSettings = {
				ALWAYS_SEARCH_USER_PATHS = NO;
				CLANG_ANALYZER_NONNULL = YES;
				CLANG_ANALYZER_NUMBER_OBJECT_CONVERSION = YES_AGGRESSIVE;
				CLANG_CXX_LANGUAGE_STANDARD = "gnu++20";
				CLANG_ENABLE_MODULES = YES;
				CLANG_ENABLE_OBJC_ARC = YES;
				CLANG_ENABLE_OBJC_WEAK = YES;
				CLANG_WARN_BLOCK_CAPTURE_AUTORELEASING = YES;
				CLANG_WARN_BOOL_CONVERSION = YES;
				CLANG_WARN_COMMA = YES;
				CLANG_WARN_CONSTANT_CONVERSION = YES;
				CLANG_WARN_DEPRECATED_OBJC_IMPLEMENTATIONS = YES;
				CLANG_WARN_DIRECT_OBJC_ISA_USAGE = YES_ERROR;
				CLANG_WARN_DOCUMENTATION_COMMENTS = YES;
				CLANG_WARN_EMPTY_BODY = YES;
				CLANG_WARN_ENUM_CONVERSION = YES;
				CLANG_WARN_INFINITE_RECURSION = YES;
				CLANG_WARN_INT_CONVERSION = YES;
				CLANG_WARN_NON_LITERAL_NULL_CONVERSION = YES;
				CLANG_WARN_OBJC_IMPLICIT_RETAIN_SELF = YES;
				CLANG_WARN_OBJC_LITERAL_CONVERSION = YES;
				CLANG_WARN_OBJC_ROOT_CLASS = YES_ERROR;
				CLANG_WARN_QUOTED_INCLUDE_IN_FRAMEWORK_HEADER = YES;
				CLANG_WARN_RANGE_LOOP_ANALYSIS = YES;
				CLANG_WARN_STRICT_PROTOTYPES = YES;
				CLANG_WARN_SUSPICIOUS_MOVE = YES;
				CLANG_WARN_UNGUARDED_AVAILABILITY = YES_AGGRESSIVE;
				CLANG_WARN_UNREACHABLE_CODE = YES;
				CLANG_WARN__DUPLICATE_METHOD_MATCH = YES;
				COPY_PHASE_STRIP = NO;
				DEBUG_INFORMATION_FORMAT = "dwarf-with-dsym";
				ENABLE_NS_ASSERTIONS = NO;
				ENABLE_STRICT_OBJC_MSGSEND = YES;
				GCC_C_LANGUAGE_STANDARD = gnu11;
				GCC_NO_COMMON_BLOCKS = YES;
				GCC_WARN_64_TO_32_BIT_CONVERSION = YES;
				GCC_WARN_ABOUT_RETURN_TYPE = YES_ERROR;
				GCC_WARN_UNDECLARED_SELECTOR = YES;
				GCC_WARN_UNINITIALIZED_AUTOS = YES_AGGRESSIVE;
				GCC_WARN_UNUSED_FUNCTION = YES;
				GCC_WARN_UNUSED_VARIABLE = YES;
				IPHONEOS_DEPLOYMENT_TARGET = 16.4;
				MTL_ENABLE_DEBUG_INFO = NO;
				MTL_FAST_MATH = YES;
				SDKROOT = iphoneos;
				SWIFT_COMPILATION_MODE = wholemodule;
				SWIFT_OPTIMIZATION_LEVEL = "-O";
				VALIDATE_PRODUCT = YES;
			};
			name = Release;
		};
		DA1857152AC7E10E00B89847 /* Debug */ = {
			isa = XCBuildConfiguration;
			buildSettings = {
				ASSETCATALOG_COMPILER_APPICON_NAME = AppIcon;
				ASSETCATALOG_COMPILER_GLOBAL_ACCENT_COLOR_NAME = AccentColor;
				CODE_SIGN_STYLE = Automatic;
				CURRENT_PROJECT_VERSION = 1;
				DEVELOPMENT_TEAM = 69PT5BP5W8;
				GENERATE_INFOPLIST_FILE = YES;
				INFOPLIST_FILE = HW4/Info.plist;
				INFOPLIST_KEY_UIApplicationSupportsIndirectInputEvents = YES;
				INFOPLIST_KEY_UILaunchStoryboardName = LaunchScreen;
				INFOPLIST_KEY_UISupportedInterfaceOrientations_iPad = "UIInterfaceOrientationPortrait UIInterfaceOrientationPortraitUpsideDown UIInterfaceOrientationLandscapeLeft UIInterfaceOrientationLandscapeRight";
				INFOPLIST_KEY_UISupportedInterfaceOrientations_iPhone = "UIInterfaceOrientationPortrait UIInterfaceOrientationLandscapeLeft UIInterfaceOrientationLandscapeRight";
				LD_RUNPATH_SEARCH_PATHS = (
					"$(inherited)",
					"@executable_path/Frameworks",
				);
				MARKETING_VERSION = 1.0;
				PRODUCT_BUNDLE_IDENTIFIER = com.pard.shinwon.HW4;
				PRODUCT_NAME = "$(TARGET_NAME)";
				SWIFT_EMIT_LOC_STRINGS = YES;
				SWIFT_VERSION = 5.0;
				TARGETED_DEVICE_FAMILY = "1,2";
			};
			name = Debug;
		};
		DA1857162AC7E10E00B89847 /* Release */ = {
			isa = XCBuildConfiguration;
			buildSettings = {
				ASSETCATALOG_COMPILER_APPICON_NAME = AppIcon;
				ASSETCATALOG_COMPILER_GLOBAL_ACCENT_COLOR_NAME = AccentColor;
				CODE_SIGN_STYLE = Automatic;
				CURRENT_PROJECT_VERSION = 1;
				DEVELOPMENT_TEAM = 69PT5BP5W8;
				GENERATE_INFOPLIST_FILE = YES;
				INFOPLIST_FILE = HW4/Info.plist;
				INFOPLIST_KEY_UIApplicationSupportsIndirectInputEvents = YES;
				INFOPLIST_KEY_UILaunchStoryboardName = LaunchScreen;
				INFOPLIST_KEY_UISupportedInterfaceOrientations_iPad = "UIInterfaceOrientationPortrait UIInterfaceOrientationPortraitUpsideDown UIInterfaceOrientationLandscapeLeft UIInterfaceOrientationLandscapeRight";
				INFOPLIST_KEY_UISupportedInterfaceOrientations_iPhone = "UIInterfaceOrientationPortrait UIInterfaceOrientationLandscapeLeft UIInterfaceOrientationLandscapeRight";
				LD_RUNPATH_SEARCH_PATHS = (
					"$(inherited)",
					"@executable_path/Frameworks",
				);
				MARKETING_VERSION = 1.0;
				PRODUCT_BUNDLE_IDENTIFIER = com.pard.shinwon.HW4;
				PRODUCT_NAME = "$(TARGET_NAME)";
				SWIFT_EMIT_LOC_STRINGS = YES;
				SWIFT_VERSION = 5.0;
				TARGETED_DEVICE_FAMILY = "1,2";
			};
			name = Release;
		};
		DA1857182AC7E10E00B89847 /* Debug */ = {
			isa = XCBuildConfiguration;
			buildSettings = {
				ALWAYS_EMBED_SWIFT_STANDARD_LIBRARIES = YES;
				BUNDLE_LOADER = "$(TEST_HOST)";
				CODE_SIGN_STYLE = Automatic;
				CURRENT_PROJECT_VERSION = 1;
				DEVELOPMENT_TEAM = 69PT5BP5W8;
				GENERATE_INFOPLIST_FILE = YES;
				IPHONEOS_DEPLOYMENT_TARGET = 16.4;
				MARKETING_VERSION = 1.0;
				PRODUCT_BUNDLE_IDENTIFIER = com.pard.shinwon.HW3Tests;
				PRODUCT_NAME = "$(TARGET_NAME)";
				SWIFT_EMIT_LOC_STRINGS = NO;
				SWIFT_VERSION = 5.0;
				TARGETED_DEVICE_FAMILY = "1,2";
				TEST_HOST = "$(BUILT_PRODUCTS_DIR)/HW4.app/$(BUNDLE_EXECUTABLE_FOLDER_PATH)/HW4";
			};
			name = Debug;
		};
		DA1857192AC7E10E00B89847 /* Release */ = {
			isa = XCBuildConfiguration;
			buildSettings = {
				ALWAYS_EMBED_SWIFT_STANDARD_LIBRARIES = YES;
				BUNDLE_LOADER = "$(TEST_HOST)";
				CODE_SIGN_STYLE = Automatic;
				CURRENT_PROJECT_VERSION = 1;
				DEVELOPMENT_TEAM = 69PT5BP5W8;
				GENERATE_INFOPLIST_FILE = YES;
				IPHONEOS_DEPLOYMENT_TARGET = 16.4;
				MARKETING_VERSION = 1.0;
				PRODUCT_BUNDLE_IDENTIFIER = com.pard.shinwon.HW3Tests;
				PRODUCT_NAME = "$(TARGET_NAME)";
				SWIFT_EMIT_LOC_STRINGS = NO;
				SWIFT_VERSION = 5.0;
				TARGETED_DEVICE_FAMILY = "1,2";
				TEST_HOST = "$(BUILT_PRODUCTS_DIR)/HW4.app/$(BUNDLE_EXECUTABLE_FOLDER_PATH)/HW4";
			};
			name = Release;
		};
		DA18571B2AC7E10E00B89847 /* Debug */ = {
			isa = XCBuildConfiguration;
			buildSettings = {
				ALWAYS_EMBED_SWIFT_STANDARD_LIBRARIES = YES;
				CODE_SIGN_STYLE = Automatic;
				CURRENT_PROJECT_VERSION = 1;
				DEVELOPMENT_TEAM = 69PT5BP5W8;
				GENERATE_INFOPLIST_FILE = YES;
				MARKETING_VERSION = 1.0;
				PRODUCT_BUNDLE_IDENTIFIER = com.pard.shinwon.HW3UITests;
				PRODUCT_NAME = "$(TARGET_NAME)";
				SWIFT_EMIT_LOC_STRINGS = NO;
				SWIFT_VERSION = 5.0;
				TARGETED_DEVICE_FAMILY = "1,2";
				TEST_TARGET_NAME = HW3;
			};
			name = Debug;
		};
		DA18571C2AC7E10E00B89847 /* Release */ = {
			isa = XCBuildConfiguration;
			buildSettings = {
				ALWAYS_EMBED_SWIFT_STANDARD_LIBRARIES = YES;
				CODE_SIGN_STYLE = Automatic;
				CURRENT_PROJECT_VERSION = 1;
				DEVELOPMENT_TEAM = 69PT5BP5W8;
				GENERATE_INFOPLIST_FILE = YES;
				MARKETING_VERSION = 1.0;
				PRODUCT_BUNDLE_IDENTIFIER = com.pard.shinwon.HW3UITests;
				PRODUCT_NAME = "$(TARGET_NAME)";
				SWIFT_EMIT_LOC_STRINGS = NO;
				SWIFT_VERSION = 5.0;
				TARGETED_DEVICE_FAMILY = "1,2";
				TEST_TARGET_NAME = HW3;
			};
			name = Release;
		};
/* End XCBuildConfiguration section */

/* Begin XCConfigurationList section */
		DA1856E52AC7E10D00B89847 /* Build configuration list for PBXProject "HW4" */ = {
			isa = XCConfigurationList;
			buildConfigurations = (
				DA1857122AC7E10E00B89847 /* Debug */,
				DA1857132AC7E10E00B89847 /* Release */,
			);
			defaultConfigurationIsVisible = 0;
			defaultConfigurationName = Release;
		};
		DA1857142AC7E10E00B89847 /* Build configuration list for PBXNativeTarget "HW4" */ = {
			isa = XCConfigurationList;
			buildConfigurations = (
				DA1857152AC7E10E00B89847 /* Debug */,
				DA1857162AC7E10E00B89847 /* Release */,
			);
			defaultConfigurationIsVisible = 0;
			defaultConfigurationName = Release;
		};
		DA1857172AC7E10E00B89847 /* Build configuration list for PBXNativeTarget "HW4Tests" */ = {
			isa = XCConfigurationList;
			buildConfigurations = (
				DA1857182AC7E10E00B89847 /* Debug */,
				DA1857192AC7E10E00B89847 /* Release */,
			);
			defaultConfigurationIsVisible = 0;
			defaultConfigurationName = Release;
		};
		DA18571A2AC7E10E00B89847 /* Build configuration list for PBXNativeTarget "HW4UITests" */ = {
			isa = XCConfigurationList;
			buildConfigurations = (
				DA18571B2AC7E10E00B89847 /* Debug */,
				DA18571C2AC7E10E00B89847 /* Release */,
			);
			defaultConfigurationIsVisible = 0;
			defaultConfigurationName = Release;
		};
/* End XCConfigurationList section */
	};
	rootObject = DA1856E22AC7E10D00B89847 /* Project object */;
}
